// !$*UTF8*$!
{
	archiveVersion = 1;
	classes = {
	};
	objectVersion = 46;
	objects = {

/* Begin PBXBuildFile section */
		5AE74B101951846900B02DCD /* Foundation.framework in Frameworks */ = {isa = PBXBuildFile; fileRef = 5AE74B0F1951846900B02DCD /* Foundation.framework */; };
		5AE74B121951846900B02DCD /* CoreGraphics.framework in Frameworks */ = {isa = PBXBuildFile; fileRef = 5AE74B111951846900B02DCD /* CoreGraphics.framework */; };
		5AE74B141951846900B02DCD /* UIKit.framework in Frameworks */ = {isa = PBXBuildFile; fileRef = 5AE74B131951846900B02DCD /* UIKit.framework */; };
		5AE74B1A1951846900B02DCD /* InfoPlist.strings in Resources */ = {isa = PBXBuildFile; fileRef = 5AE74B181951846900B02DCD /* InfoPlist.strings */; };
		5AE74B1C1951846900B02DCD /* main.m in Sources */ = {isa = PBXBuildFile; fileRef = 5AE74B1B1951846900B02DCD /* main.m */; };
		5AE74B201951846900B02DCD /* IFBAppDelegate.m in Sources */ = {isa = PBXBuildFile; fileRef = 5AE74B1F1951846900B02DCD /* IFBAppDelegate.m */; };
		5AE74B231951846900B02DCD /* Main_iPhone.storyboard in Resources */ = {isa = PBXBuildFile; fileRef = 5AE74B211951846900B02DCD /* Main_iPhone.storyboard */; };
		5AE74B291951846900B02DCD /* IFBViewController.m in Sources */ = {isa = PBXBuildFile; fileRef = 5AE74B281951846900B02DCD /* IFBViewController.m */; };
		5AE74B2B1951846900B02DCD /* Images.xcassets in Resources */ = {isa = PBXBuildFile; fileRef = 5AE74B2A1951846900B02DCD /* Images.xcassets */; };
		5AE74B321951846900B02DCD /* XCTest.framework in Frameworks */ = {isa = PBXBuildFile; fileRef = 5AE74B311951846900B02DCD /* XCTest.framework */; };
		5AE74B331951846900B02DCD /* Foundation.framework in Frameworks */ = {isa = PBXBuildFile; fileRef = 5AE74B0F1951846900B02DCD /* Foundation.framework */; };
		5AE74B341951846900B02DCD /* UIKit.framework in Frameworks */ = {isa = PBXBuildFile; fileRef = 5AE74B131951846900B02DCD /* UIKit.framework */; };
		5AE74B3C1951846900B02DCD /* InfoPlist.strings in Resources */ = {isa = PBXBuildFile; fileRef = 5AE74B3A1951846900B02DCD /* InfoPlist.strings */; };
		5AE74B3E1951846900B02DCD /* IFBShimmeringTests.m in Sources */ = {isa = PBXBuildFile; fileRef = 5AE74B3D1951846900B02DCD /* IFBShimmeringTests.m */; };
		5AE74B511951847A00B02DCD /* FBShimmeringLayer.m in Sources */ = {isa = PBXBuildFile; fileRef = 5AE74B4B1951847A00B02DCD /* FBShimmeringLayer.m */; };
		5AE74B521951847A00B02DCD /* FBShimmeringView.m in Sources */ = {isa = PBXBuildFile; fileRef = 5AE74B4D1951847A00B02DCD /* FBShimmeringView.m */; };
		5AE74B531951847A00B02DCD /* IFBShimmeringViewExtend.m in Sources */ = {isa = PBXBuildFile; fileRef = 5AE74B4F1951847A00B02DCD /* IFBShimmeringViewExtend.m */; };
		5AE74B541951847A00B02DCD /* yimain.bundle in Resources */ = {isa = PBXBuildFile; fileRef = 5AE74B501951847A00B02DCD /* yimain.bundle */; };
/* End PBXBuildFile section */

/* Begin PBXContainerItemProxy section */
		5AE74B351951846900B02DCD /* PBXContainerItemProxy */ = {
			isa = PBXContainerItemProxy;
			containerPortal = 5AE74B041951846900B02DCD /* Project object */;
			proxyType = 1;
			remoteGlobalIDString = 5AE74B0B1951846900B02DCD;
			remoteInfo = IFBShimmering;
		};
/* End PBXContainerItemProxy section */

/* Begin PBXFileReference section */
		5AE74B0C1951846900B02DCD /* IFBShimmeringDemo.app */ = {isa = PBXFileReference; explicitFileType = wrapper.application; includeInIndex = 0; path = IFBShimmeringDemo.app; sourceTree = BUILT_PRODUCTS_DIR; };
		5AE74B0F1951846900B02DCD /* Foundation.framework */ = {isa = PBXFileReference; lastKnownFileType = wrapper.framework; name = Foundation.framework; path = System/Library/Frameworks/Foundation.framework; sourceTree = SDKROOT; };
		5AE74B111951846900B02DCD /* CoreGraphics.framework */ = {isa = PBXFileReference; lastKnownFileType = wrapper.framework; name = CoreGraphics.framework; path = System/Library/Frameworks/CoreGraphics.framework; sourceTree = SDKROOT; };
		5AE74B131951846900B02DCD /* UIKit.framework */ = {isa = PBXFileReference; lastKnownFileType = wrapper.framework; name = UIKit.framework; path = System/Library/Frameworks/UIKit.framework; sourceTree = SDKROOT; };
		5AE74B171951846900B02DCD /* IFBShimmeringDemo-Info.plist */ = {isa = PBXFileReference; lastKnownFileType = text.plist.xml; path = "IFBShimmeringDemo-Info.plist"; sourceTree = "<group>"; };
		5AE74B191951846900B02DCD /* en */ = {isa = PBXFileReference; lastKnownFileType = text.plist.strings; name = en; path = en.lproj/InfoPlist.strings; sourceTree = "<group>"; };
		5AE74B1B1951846900B02DCD /* main.m */ = {isa = PBXFileReference; lastKnownFileType = sourcecode.c.objc; path = main.m; sourceTree = "<group>"; };
		5AE74B1D1951846900B02DCD /* IFBShimmeringDemo-Prefix.pch */ = {isa = PBXFileReference; lastKnownFileType = sourcecode.c.h; path = "IFBShimmeringDemo-Prefix.pch"; sourceTree = "<group>"; };
		5AE74B1E1951846900B02DCD /* IFBAppDelegate.h */ = {isa = PBXFileReference; lastKnownFileType = sourcecode.c.h; path = IFBAppDelegate.h; sourceTree = "<group>"; };
		5AE74B1F1951846900B02DCD /* IFBAppDelegate.m */ = {isa = PBXFileReference; lastKnownFileType = sourcecode.c.objc; path = IFBAppDelegate.m; sourceTree = "<group>"; };
		5AE74B221951846900B02DCD /* Base */ = {isa = PBXFileReference; lastKnownFileType = file.storyboard; name = Base; path = Base.lproj/Main_iPhone.storyboard; sourceTree = "<group>"; };
		5AE74B271951846900B02DCD /* IFBViewController.h */ = {isa = PBXFileReference; lastKnownFileType = sourcecode.c.h; path = IFBViewController.h; sourceTree = "<group>"; };
		5AE74B281951846900B02DCD /* IFBViewController.m */ = {isa = PBXFileReference; lastKnownFileType = sourcecode.c.objc; path = IFBViewController.m; sourceTree = "<group>"; };
		5AE74B2A1951846900B02DCD /* Images.xcassets */ = {isa = PBXFileReference; lastKnownFileType = folder.assetcatalog; path = Images.xcassets; sourceTree = "<group>"; };
		5AE74B301951846900B02DCD /* IFBShimmeringDemoTests.xctest */ = {isa = PBXFileReference; explicitFileType = wrapper.cfbundle; includeInIndex = 0; path = IFBShimmeringDemoTests.xctest; sourceTree = BUILT_PRODUCTS_DIR; };
		5AE74B311951846900B02DCD /* XCTest.framework */ = {isa = PBXFileReference; lastKnownFileType = wrapper.framework; name = XCTest.framework; path = Library/Frameworks/XCTest.framework; sourceTree = DEVELOPER_DIR; };
		5AE74B391951846900B02DCD /* IFBShimmeringDemoTests-Info.plist */ = {isa = PBXFileReference; lastKnownFileType = text.plist.xml; path = "IFBShimmeringDemoTests-Info.plist"; sourceTree = "<group>"; };
		5AE74B3B1951846900B02DCD /* en */ = {isa = PBXFileReference; lastKnownFileType = text.plist.strings; name = en; path = en.lproj/InfoPlist.strings; sourceTree = "<group>"; };
		5AE74B3D1951846900B02DCD /* IFBShimmeringTests.m */ = {isa = PBXFileReference; lastKnownFileType = sourcecode.c.objc; path = IFBShimmeringTests.m; sourceTree = "<group>"; };
		5AE74B481951847A00B02DCD /* FBShimmering-Prefix.pch */ = {isa = PBXFileReference; fileEncoding = 4; lastKnownFileType = sourcecode.c.h; path = "FBShimmering-Prefix.pch"; sourceTree = "<group>"; };
		5AE74B491951847A00B02DCD /* FBShimmering.h */ = {isa = PBXFileReference; fileEncoding = 4; lastKnownFileType = sourcecode.c.h; path = FBShimmering.h; sourceTree = "<group>"; };
		5AE74B4A1951847A00B02DCD /* FBShimmeringLayer.h */ = {isa = PBXFileReference; fileEncoding = 4; lastKnownFileType = sourcecode.c.h; path = FBShimmeringLayer.h; sourceTree = "<group>"; };
		5AE74B4B1951847A00B02DCD /* FBShimmeringLayer.m */ = {isa = PBXFileReference; fileEncoding = 4; lastKnownFileType = sourcecode.c.objc; path = FBShimmeringLayer.m; sourceTree = "<group>"; };
		5AE74B4C1951847A00B02DCD /* FBShimmeringView.h */ = {isa = PBXFileReference; fileEncoding = 4; lastKnownFileType = sourcecode.c.h; path = FBShimmeringView.h; sourceTree = "<group>"; };
		5AE74B4D1951847A00B02DCD /* FBShimmeringView.m */ = {isa = PBXFileReference; fileEncoding = 4; lastKnownFileType = sourcecode.c.objc; path = FBShimmeringView.m; sourceTree = "<group>"; };
		5AE74B4E1951847A00B02DCD /* IFBShimmeringViewExtend.h */ = {isa = PBXFileReference; fileEncoding = 4; lastKnownFileType = sourcecode.c.h; path = IFBShimmeringViewExtend.h; sourceTree = "<group>"; };
		5AE74B4F1951847A00B02DCD /* IFBShimmeringViewExtend.m */ = {isa = PBXFileReference; fileEncoding = 4; lastKnownFileType = sourcecode.c.objc; path = IFBShimmeringViewExtend.m; sourceTree = "<group>"; };
		5AE74B501951847A00B02DCD /* yimain.bundle */ = {isa = PBXFileReference; lastKnownFileType = "wrapper.plug-in"; path = yimain.bundle; sourceTree = "<group>"; };
/* End PBXFileReference section */

/* Begin PBXFrameworksBuildPhase section */
		5AE74B091951846900B02DCD /* Frameworks */ = {
			isa = PBXFrameworksBuildPhase;
			buildActionMask = 2147483647;
			files = (
				5AE74B121951846900B02DCD /* CoreGraphics.framework in Frameworks */,
				5AE74B141951846900B02DCD /* UIKit.framework in Frameworks */,
				5AE74B101951846900B02DCD /* Foundation.framework in Frameworks */,
			);
			runOnlyForDeploymentPostprocessing = 0;
		};
		5AE74B2D1951846900B02DCD /* Frameworks */ = {
			isa = PBXFrameworksBuildPhase;
			buildActionMask = 2147483647;
			files = (
				5AE74B321951846900B02DCD /* XCTest.framework in Frameworks */,
				5AE74B341951846900B02DCD /* UIKit.framework in Frameworks */,
				5AE74B331951846900B02DCD /* Foundation.framework in Frameworks */,
			);
			runOnlyForDeploymentPostprocessing = 0;
		};
/* End PBXFrameworksBuildPhase section */

/* Begin PBXGroup section */
		5AE74B031951846900B02DCD = {
			isa = PBXGroup;
			children = (
				5AE74B151951846900B02DCD /* IFBShimmering */,
				5AE74B371951846900B02DCD /* IFBShimmeringTests */,
				5AE74B0E1951846900B02DCD /* Frameworks */,
				5AE74B0D1951846900B02DCD /* Products */,
			);
			sourceTree = "<group>";
		};
		5AE74B0D1951846900B02DCD /* Products */ = {
			isa = PBXGroup;
			children = (
				5AE74B0C1951846900B02DCD /* IFBShimmeringDemo.app */,
				5AE74B301951846900B02DCD /* IFBShimmeringDemoTests.xctest */,
			);
			name = Products;
			sourceTree = "<group>";
		};
		5AE74B0E1951846900B02DCD /* Frameworks */ = {
			isa = PBXGroup;
			children = (
				5AE74B0F1951846900B02DCD /* Foundation.framework */,
				5AE74B111951846900B02DCD /* CoreGraphics.framework */,
				5AE74B131951846900B02DCD /* UIKit.framework */,
				5AE74B311951846900B02DCD /* XCTest.framework */,
			);
			name = Frameworks;
			sourceTree = "<group>";
		};
		5AE74B151951846900B02DCD /* IFBShimmering */ = {
			isa = PBXGroup;
			children = (
				5AE74B471951847A00B02DCD /* IFBShimmering */,
				5AE74B1E1951846900B02DCD /* IFBAppDelegate.h */,
				5AE74B1F1951846900B02DCD /* IFBAppDelegate.m */,
				5AE74B211951846900B02DCD /* Main_iPhone.storyboard */,
				5AE74B271951846900B02DCD /* IFBViewController.h */,
				5AE74B281951846900B02DCD /* IFBViewController.m */,
				5AE74B2A1951846900B02DCD /* Images.xcassets */,
				5AE74B161951846900B02DCD /* Supporting Files */,
			);
			path = IFBShimmering;
			sourceTree = "<group>";
		};
		5AE74B161951846900B02DCD /* Supporting Files */ = {
			isa = PBXGroup;
			children = (
				5AE74B171951846900B02DCD /* IFBShimmeringDemo-Info.plist */,
				5AE74B181951846900B02DCD /* InfoPlist.strings */,
				5AE74B1B1951846900B02DCD /* main.m */,
				5AE74B1D1951846900B02DCD /* IFBShimmeringDemo-Prefix.pch */,
			);
			name = "Supporting Files";
			sourceTree = "<group>";
		};
		5AE74B371951846900B02DCD /* IFBShimmeringTests */ = {
			isa = PBXGroup;
			children = (
				5AE74B3D1951846900B02DCD /* IFBShimmeringTests.m */,
				5AE74B381951846900B02DCD /* Supporting Files */,
			);
			path = IFBShimmeringTests;
			sourceTree = "<group>";
		};
		5AE74B381951846900B02DCD /* Supporting Files */ = {
			isa = PBXGroup;
			children = (
				5AE74B391951846900B02DCD /* IFBShimmeringDemoTests-Info.plist */,
				5AE74B3A1951846900B02DCD /* InfoPlist.strings */,
			);
			name = "Supporting Files";
			sourceTree = "<group>";
		};
		5AE74B471951847A00B02DCD /* IFBShimmering */ = {
			isa = PBXGroup;
			children = (
				5AE74B481951847A00B02DCD /* FBShimmering-Prefix.pch */,
				5AE74B491951847A00B02DCD /* FBShimmering.h */,
				5AE74B4A1951847A00B02DCD /* FBShimmeringLayer.h */,
				5AE74B4B1951847A00B02DCD /* FBShimmeringLayer.m */,
				5AE74B4C1951847A00B02DCD /* FBShimmeringView.h */,
				5AE74B4D1951847A00B02DCD /* FBShimmeringView.m */,
				5AE74B4E1951847A00B02DCD /* IFBShimmeringViewExtend.h */,
				5AE74B4F1951847A00B02DCD /* IFBShimmeringViewExtend.m */,
				5AE74B501951847A00B02DCD /* yimain.bundle */,
			);
			path = IFBShimmering;
			sourceTree = "<group>";
		};
/* End PBXGroup section */

/* Begin PBXNativeTarget section */
		5AE74B0B1951846900B02DCD /* IFBShimmeringDemo */ = {
			isa = PBXNativeTarget;
			buildConfigurationList = 5AE74B411951846900B02DCD /* Build configuration list for PBXNativeTarget "IFBShimmeringDemo" */;
			buildPhases = (
				5AE74B081951846900B02DCD /* Sources */,
				5AE74B091951846900B02DCD /* Frameworks */,
				5AE74B0A1951846900B02DCD /* Resources */,
			);
			buildRules = (
			);
			dependencies = (
			);
			name = IFBShimmeringDemo;
			productName = IFBShimmering;
			productReference = 5AE74B0C1951846900B02DCD /* IFBShimmeringDemo.app */;
			productType = "com.apple.product-type.application";
		};
		5AE74B2F1951846900B02DCD /* IFBShimmeringDemoTests */ = {
			isa = PBXNativeTarget;
			buildConfigurationList = 5AE74B441951846900B02DCD /* Build configuration list for PBXNativeTarget "IFBShimmeringDemoTests" */;
			buildPhases = (
				5AE74B2C1951846900B02DCD /* Sources */,
				5AE74B2D1951846900B02DCD /* Frameworks */,
				5AE74B2E1951846900B02DCD /* Resources */,
			);
			buildRules = (
			);
			dependencies = (
				5AE74B361951846900B02DCD /* PBXTargetDependency */,
			);
			name = IFBShimmeringDemoTests;
			productName = IFBShimmeringTests;
			productReference = 5AE74B301951846900B02DCD /* IFBShimmeringDemoTests.xctest */;
			productType = "com.apple.product-type.bundle.unit-test";
		};
/* End PBXNativeTarget section */

/* Begin PBXProject section */
		5AE74B041951846900B02DCD /* Project object */ = {
			isa = PBXProject;
			attributes = {
				CLASSPREFIX = IFB;
				LastUpgradeCheck = 0510;
				ORGANIZATIONNAME = yimaster;
				TargetAttributes = {
					5AE74B2F1951846900B02DCD = {
						TestTargetID = 5AE74B0B1951846900B02DCD;
					};
				};
			};
			buildConfigurationList = 5AE74B071951846900B02DCD /* Build configuration list for PBXProject "IFBShimmeringDemo" */;
			compatibilityVersion = "Xcode 3.2";
			developmentRegion = English;
			hasScannedForEncodings = 0;
			knownRegions = (
				en,
				Base,
			);
			mainGroup = 5AE74B031951846900B02DCD;
			productRefGroup = 5AE74B0D1951846900B02DCD /* Products */;
			projectDirPath = "";
			projectRoot = "";
			targets = (
				5AE74B0B1951846900B02DCD /* IFBShimmeringDemo */,
				5AE74B2F1951846900B02DCD /* IFBShimmeringDemoTests */,
			);
		};
/* End PBXProject section */

/* Begin PBXResourcesBuildPhase section */
		5AE74B0A1951846900B02DCD /* Resources */ = {
			isa = PBXResourcesBuildPhase;
			buildActionMask = 2147483647;
			files = (
				5AE74B541951847A00B02DCD /* yimain.bundle in Resources */,
				5AE74B2B1951846900B02DCD /* Images.xcassets in Resources */,
				5AE74B231951846900B02DCD /* Main_iPhone.storyboard in Resources */,
				5AE74B1A1951846900B02DCD /* InfoPlist.strings in Resources */,
			);
			runOnlyForDeploymentPostprocessing = 0;
		};
		5AE74B2E1951846900B02DCD /* Resources */ = {
			isa = PBXResourcesBuildPhase;
			buildActionMask = 2147483647;
			files = (
				5AE74B3C1951846900B02DCD /* InfoPlist.strings in Resources */,
			);
			runOnlyForDeploymentPostprocessing = 0;
		};
/* End PBXResourcesBuildPhase section */

/* Begin PBXSourcesBuildPhase section */
		5AE74B081951846900B02DCD /* Sources */ = {
			isa = PBXSourcesBuildPhase;
			buildActionMask = 2147483647;
			files = (
				5AE74B201951846900B02DCD /* IFBAppDelegate.m in Sources */,
				5AE74B531951847A00B02DCD /* IFBShimmeringViewExtend.m in Sources */,
				5AE74B291951846900B02DCD /* IFBViewController.m in Sources */,
				5AE74B511951847A00B02DCD /* FBShimmeringLayer.m in Sources */,
				5AE74B521951847A00B02DCD /* FBShimmeringView.m in Sources */,
				5AE74B1C1951846900B02DCD /* main.m in Sources */,
			);
			runOnlyForDeploymentPostprocessing = 0;
		};
		5AE74B2C1951846900B02DCD /* Sources */ = {
			isa = PBXSourcesBuildPhase;
			buildActionMask = 2147483647;
			files = (
				5AE74B3E1951846900B02DCD /* IFBShimmeringTests.m in Sources */,
			);
			runOnlyForDeploymentPostprocessing = 0;
		};
/* End PBXSourcesBuildPhase section */

/* Begin PBXTargetDependency section */
		5AE74B361951846900B02DCD /* PBXTargetDependency */ = {
			isa = PBXTargetDependency;
			target = 5AE74B0B1951846900B02DCD /* IFBShimmeringDemo */;
			targetProxy = 5AE74B351951846900B02DCD /* PBXContainerItemProxy */;
		};
/* End PBXTargetDependency section */

/* Begin PBXVariantGroup section */
		5AE74B181951846900B02DCD /* InfoPlist.strings */ = {
			isa = PBXVariantGroup;
			children = (
				5AE74B191951846900B02DCD /* en */,
			);
			name = InfoPlist.strings;
			sourceTree = "<group>";
		};
		5AE74B211951846900B02DCD /* Main_iPhone.storyboard */ = {
			isa = PBXVariantGroup;
			children = (
				5AE74B221951846900B02DCD /* Base */,
			);
			name = Main_iPhone.storyboard;
			sourceTree = "<group>";
		};
		5AE74B3A1951846900B02DCD /* InfoPlist.strings */ = {
			isa = PBXVariantGroup;
			children = (
				5AE74B3B1951846900B02DCD /* en */,
			);
			name = InfoPlist.strings;
			sourceTree = "<group>";
		};
/* End PBXVariantGroup section */

/* Begin XCBuildConfiguration section */
		5AE74B3F1951846900B02DCD /* Debug */ = {
			isa = XCBuildConfiguration;
			buildSettings = {
				ALWAYS_SEARCH_USER_PATHS = NO;
				CLANG_CXX_LANGUAGE_STANDARD = "gnu++0x";
				CLANG_CXX_LIBRARY = "libc++";
				CLANG_ENABLE_MODULES = YES;
				CLANG_ENABLE_OBJC_ARC = YES;
				CLANG_WARN_BOOL_CONVERSION = YES;
				CLANG_WARN_CONSTANT_CONVERSION = YES;
				CLANG_WARN_DIRECT_OBJC_ISA_USAGE = YES_ERROR;
				CLANG_WARN_EMPTY_BODY = YES;
				CLANG_WARN_ENUM_CONVERSION = YES;
				CLANG_WARN_INT_CONVERSION = YES;
				CLANG_WARN_OBJC_ROOT_CLASS = YES_ERROR;
				CLANG_WARN__DUPLICATE_METHOD_MATCH = YES;
				"CODE_SIGN_IDENTITY[sdk=iphoneos*]" = "iPhone Developer";
				COPY_PHASE_STRIP = NO;
				GCC_C_LANGUAGE_STANDARD = gnu99;
				GCC_DYNAMIC_NO_PIC = NO;
				GCC_OPTIMIZATION_LEVEL = 0;
				GCC_PREPROCESSOR_DEFINITIONS = (
					"DEBUG=1",
					"$(inherited)",
				);
				GCC_SYMBOLS_PRIVATE_EXTERN = NO;
				GCC_WARN_64_TO_32_BIT_CONVERSION = YES;
				GCC_WARN_ABOUT_RETURN_TYPE = YES_ERROR;
				GCC_WARN_UNDECLARED_SELECTOR = YES;
				GCC_WARN_UNINITIALIZED_AUTOS = YES_AGGRESSIVE;
				GCC_WARN_UNUSED_FUNCTION = YES;
				GCC_WARN_UNUSED_VARIABLE = YES;
				IPHONEOS_DEPLOYMENT_TARGET = 7.1;
				ONLY_ACTIVE_ARCH = YES;
				SDKROOT = iphoneos;
				TARGETED_DEVICE_FAMILY = "1,2";
			};
			name = Debug;
		};
		5AE74B401951846900B02DCD /* Release */ = {
			isa = XCBuildConfiguration;
			buildSettings = {
				ALWAYS_SEARCH_USER_PATHS = NO;
				CLANG_CXX_LANGUAGE_STANDARD = "gnu++0x";
				CLANG_CXX_LIBRARY = "libc++";
				CLANG_ENABLE_MODULES = YES;
				CLANG_ENABLE_OBJC_ARC = YES;
				CLANG_WARN_BOOL_CONVERSION = YES;
				CLANG_WARN_CONSTANT_CONVERSION = YES;
				CLANG_WARN_DIRECT_OBJC_ISA_USAGE = YES_ERROR;
				CLANG_WARN_EMPTY_BODY = YES;
				CLANG_WARN_ENUM_CONVERSION = YES;
				CLANG_WARN_INT_CONVERSION = YES;
				CLANG_WARN_OBJC_ROOT_CLASS = YES_ERROR;
				CLANG_WARN__DUPLICATE_METHOD_MATCH = YES;
				"CODE_SIGN_IDENTITY[sdk=iphoneos*]" = "iPhone Developer";
				COPY_PHASE_STRIP = YES;
				ENABLE_NS_ASSERTIONS = NO;
				GCC_C_LANGUAGE_STANDARD = gnu99;
				GCC_WARN_64_TO_32_BIT_CONVERSION = YES;
				GCC_WARN_ABOUT_RETURN_TYPE = YES_ERROR;
				GCC_WARN_UNDECLARED_SELECTOR = YES;
				GCC_WARN_UNINITIALIZED_AUTOS = YES_AGGRESSIVE;
				GCC_WARN_UNUSED_FUNCTION = YES;
				GCC_WARN_UNUSED_VARIABLE = YES;
				IPHONEOS_DEPLOYMENT_TARGET = 7.1;
				SDKROOT = iphoneos;
				TARGETED_DEVICE_FAMILY = "1,2";
				VALIDATE_PRODUCT = YES;
			};
			name = Release;
		};
		5AE74B421951846900B02DCD /* Debug */ = {
			isa = XCBuildConfiguration;
			buildSettings = {
				ASSETCATALOG_COMPILER_APPICON_NAME = AppIcon;
				ASSETCATALOG_COMPILER_LAUNCHIMAGE_NAME = LaunchImage;
				GCC_PRECOMPILE_PREFIX_HEADER = YES;
				GCC_PREFIX_HEADER = "IFBShimmering/IFBShimmeringDemo-Prefix.pch";
				INFOPLIST_FILE = "IFBShimmering/IFBShimmeringDemo-Info.plist";
				PRODUCT_NAME = IFBShimmeringDemo;
				WRAPPER_EXTENSION = app;
			};
			name = Debug;
		};
		5AE74B431951846900B02DCD /* Release */ = {
			isa = XCBuildConfiguration;
			buildSettings = {
				ASSETCATALOG_COMPILER_APPICON_NAME = AppIcon;
				ASSETCATALOG_COMPILER_LAUNCHIMAGE_NAME = LaunchImage;
				GCC_PRECOMPILE_PREFIX_HEADER = YES;
				GCC_PREFIX_HEADER = "IFBShimmering/IFBShimmeringDemo-Prefix.pch";
				INFOPLIST_FILE = "IFBShimmering/IFBShimmeringDemo-Info.plist";
				PRODUCT_NAME = IFBShimmeringDemo;
				WRAPPER_EXTENSION = app;
			};
			name = Release;
		};
		5AE74B451951846900B02DCD /* Debug */ = {
			isa = XCBuildConfiguration;
			buildSettings = {
				BUNDLE_LOADER = "$(BUILT_PRODUCTS_DIR)/IFBShimmering.app/IFBShimmering";
				FRAMEWORK_SEARCH_PATHS = (
					"$(SDKROOT)/Developer/Library/Frameworks",
					"$(inherited)",
					"$(DEVELOPER_FRAMEWORKS_DIR)",
				);
				GCC_PRECOMPILE_PREFIX_HEADER = YES;
				GCC_PREFIX_HEADER = "IFBShimmering/IFBShimmering-Prefix.pch";
				GCC_PREPROCESSOR_DEFINITIONS = (
					"DEBUG=1",
					"$(inherited)",
				);
				INFOPLIST_FILE = "IFBShimmeringTests/IFBShimmeringDemoTests-Info.plist";
				PRODUCT_NAME = IFBShimmeringDemoTests;
				TEST_HOST = "$(BUNDLE_LOADER)";
				WRAPPER_EXTENSION = xctest;
			};
			name = Debug;
		};
		5AE74B461951846900B02DCD /* Release */ = {
			isa = XCBuildConfiguration;
			buildSettings = {
				BUNDLE_LOADER = "$(BUILT_PRODUCTS_DIR)/IFBShimmering.app/IFBShimmering";
				FRAMEWORK_SEARCH_PATHS = (
					"$(SDKROOT)/Developer/Library/Frameworks",
					"$(inherited)",
					"$(DEVELOPER_FRAMEWORKS_DIR)",
				);
				GCC_PRECOMPILE_PREFIX_HEADER = YES;
				GCC_PREFIX_HEADER = "IFBShimmering/IFBShimmering-Prefix.pch";
				INFOPLIST_FILE = "IFBShimmeringTests/IFBShimmeringDemoTests-Info.plist";
				PRODUCT_NAME = IFBShimmeringDemoTests;
				TEST_HOST = "$(BUNDLE_LOADER)";
				WRAPPER_EXTENSION = xctest;
			};
			name = Release;
		};
/* End XCBuildConfiguration section */

/* Begin XCConfigurationList section */
		5AE74B071951846900B02DCD /* Build configuration list for PBXProject "IFBShimmeringDemo" */ = {
			isa = XCConfigurationList;
			buildConfigurations = (
				5AE74B3F1951846900B02DCD /* Debug */,
				5AE74B401951846900B02DCD /* Release */,
			);
			defaultConfigurationIsVisible = 0;
			defaultConfigurationName = Release;
		};
		5AE74B411951846900B02DCD /* Build configuration list for PBXNativeTarget "IFBShimmeringDemo" */ = {
			isa = XCConfigurationList;
			buildConfigurations = (
				5AE74B421951846900B02DCD /* Debug */,
				5AE74B431951846900B02DCD /* Release */,
			);
			defaultConfigurationIsVisible = 0;
			defaultConfigurationName = Release;
		};
		5AE74B441951846900B02DCD /* Build configuration list for PBXNativeTarget "IFBShimmeringDemoTests" */ = {
			isa = XCConfigurationList;
			buildConfigurations = (
				5AE74B451951846900B02DCD /* Debug */,
				5AE74B461951846900B02DCD /* Release */,
			);
			defaultConfigurationIsVisible = 0;
			defaultConfigurationName = Release;
		};
/* End XCConfigurationList section */
	};
	rootObject = 5AE74B041951846900B02DCD /* Project object */;
}
